
Microsoft Visual Studio Solution File, Format Version 12.00
# Visual Studio Version 17
VisualStudioVersion = 17.5.002.0
MinimumVisualStudioVersion = 10.0.40219.1
Project("{9A19103F-16F7-4668-BE54-9A1E7A4F7556}") = "1I3_musica", "1I3_musica.csproj", "{CAB1ED08-4E34-442D-83EB-56BEC93C7BC0}"
EndProject
Global
	GlobalSection(SolutionConfigurationPlatforms) = preSolution
		Debug|Any CPU = Debug|Any CPU
		Release|Any CPU = Release|Any CPU
	EndGlobalSection
	GlobalSection(ProjectConfigurationPlatforms) = postSolution
		{CAB1ED08-4E34-442D-83EB-56BEC93C7BC0}.Debug|Any CPU.ActiveCfg = Debug|Any CPU
		{CAB1ED08-4E34-442D-83EB-56BEC93C7BC0}.Debug|Any CPU.Build.0 = Debug|Any CPU
		{CAB1ED08-4E34-442D-83EB-56BEC93C7BC0}.Release|Any CPU.ActiveCfg = Release|Any CPU
		{CAB1ED08-4E34-442D-83EB-56BEC93C7BC0}.Release|Any CPU.Build.0 = Release|Any CPU
	EndGlobalSection
	GlobalSection(SolutionProperties) = preSolution
		HideSolutionNode = FALSE
	EndGlobalSection
	GlobalSection(ExtensibilityGlobals) = postSolution
		SolutionGuid = {9873CD6B-E178-4976-B68C-D0C6C723C16A}
	EndGlobalSection
EndGlobal
